
Microsoft Visual Studio Solution File, Format Version 12.00
# Visual Studio Version 17
VisualStudioVersion = 17.4.33122.133
MinimumVisualStudioVersion = 10.0.40219.1
Project("{FAE04EC0-301F-11D3-BF4B-00C04F79EFBC}") = "PathCounter", "PathCounter\PathCounter.csproj", "{0232E2CB-77BC-472C-A5F3-F7DD931E7ADC}"
EndProject
Global
	GlobalSection(SolutionConfigurationPlatforms) = preSolution
		Debug|Any CPU = Debug|Any CPU
		Release|Any CPU = Release|Any CPU
	EndGlobalSection
	GlobalSection(ProjectConfigurationPlatforms) = postSolution
		{0232E2CB-77BC-472C-A5F3-F7DD931E7ADC}.Debug|Any CPU.ActiveCfg = Debug|Any CPU
		{0232E2CB-77BC-472C-A5F3-F7DD931E7ADC}.Debug|Any CPU.Build.0 = Debug|Any CPU
		{0232E2CB-77BC-472C-A5F3-F7DD931E7ADC}.Release|Any CPU.ActiveCfg = Release|Any CPU
		{0232E2CB-77BC-472C-A5F3-F7DD931E7ADC}.Release|Any CPU.Build.0 = Release|Any CPU
	EndGlobalSection
	GlobalSection(SolutionProperties) = preSolution
		HideSolutionNode = FALSE
	EndGlobalSection
	GlobalSection(ExtensibilityGlobals) = postSolution
		SolutionGuid = {A4072FB2-6DB0-45D5-825A-FE9E367113CB}
	EndGlobalSection
EndGlobal
